{
    "_meta": {
        "hash": {
            "sha256": "0d85e69ff0ba710b723eeb2afa6eccc783788971ac59f87a764a116203ddb902"
        },
        "pipfile-spec": 6,
        "requires": {
            "python_version": "3.6"
        },
        "sources": [
            {
                "name": "pypi",
                "url": "https://pypi.org/simple",
                "verify_ssl": true
            }
        ]
    },
    "default": {
        "sh": {
            "hashes": [
                "sha256:6f792e45b45d039b423081558904981e8ab49572b0c38009fcc65feaab06bcda",
                "sha256:97a3d2205e3c6a842d87ebbc9ae93acae5a352b1bc4609b428d0fd5bb9e286a3"
            ],
            "index": "pypi",
            "version": "==1.13.1"
        }
    },
    "develop": {}
}
